
Microsoft Visual Studio Solution File, Format Version 12.00
# Visual Studio Version 16
VisualStudioVersion = 16.0.31729.503
MinimumVisualStudioVersion = 10.0.40219.1
Project("{9A19103F-16F7-4668-BE54-9A1E7A4F7556}") = "SA_OOP", "SA_OOP.csproj", "{A3A864C9-3B45-45AD-AFF5-CC59BA75B101}"
EndProject
Project("{9A19103F-16F7-4668-BE54-9A1E7A4F7556}") = "SA03_testando", "..\SA03_testando\SA03_testando.csproj", "{A4BB06B7-9F67-4FD9-9A09-F8538DE8919D}"
EndProject
Project("{FAE04EC0-301F-11D3-BF4B-00C04F79EFBC}") = "SA_testando_MS", "..\SA_testando_MS\SA_testando_MS.csproj", "{4CD14C48-7BF2-4014-954A-B88526EDD7B7}"
EndProject
Global
	GlobalSection(SolutionConfigurationPlatforms) = preSolution
		Debug|Any CPU = Debug|Any CPU
		Release|Any CPU = Release|Any CPU
	EndGlobalSection
	GlobalSection(ProjectConfigurationPlatforms) = postSolution
		{A3A864C9-3B45-45AD-AFF5-CC59BA75B101}.Debug|Any CPU.ActiveCfg = Debug|Any CPU
		{A3A864C9-3B45-45AD-AFF5-CC59BA75B101}.Debug|Any CPU.Build.0 = Debug|Any CPU
		{A3A864C9-3B45-45AD-AFF5-CC59BA75B101}.Release|Any CPU.ActiveCfg = Release|Any CPU
		{A3A864C9-3B45-45AD-AFF5-CC59BA75B101}.Release|Any CPU.Build.0 = Release|Any CPU
		{A4BB06B7-9F67-4FD9-9A09-F8538DE8919D}.Debug|Any CPU.ActiveCfg = Debug|Any CPU
		{A4BB06B7-9F67-4FD9-9A09-F8538DE8919D}.Debug|Any CPU.Build.0 = Debug|Any CPU
		{A4BB06B7-9F67-4FD9-9A09-F8538DE8919D}.Release|Any CPU.ActiveCfg = Release|Any CPU
		{A4BB06B7-9F67-4FD9-9A09-F8538DE8919D}.Release|Any CPU.Build.0 = Release|Any CPU
		{4CD14C48-7BF2-4014-954A-B88526EDD7B7}.Debug|Any CPU.ActiveCfg = Debug|Any CPU
		{4CD14C48-7BF2-4014-954A-B88526EDD7B7}.Debug|Any CPU.Build.0 = Debug|Any CPU
		{4CD14C48-7BF2-4014-954A-B88526EDD7B7}.Release|Any CPU.ActiveCfg = Release|Any CPU
		{4CD14C48-7BF2-4014-954A-B88526EDD7B7}.Release|Any CPU.Build.0 = Release|Any CPU
	EndGlobalSection
	GlobalSection(SolutionProperties) = preSolution
		HideSolutionNode = FALSE
	EndGlobalSection
	GlobalSection(ExtensibilityGlobals) = postSolution
		SolutionGuid = {79B6E26B-B45D-451E-A1B2-00CC0DFE5E82}
	EndGlobalSection
EndGlobal
